// !$*UTF8*$!
{
	archiveVersion = 1;
	classes = {
	};
	objectVersion = 50;
	objects = {

/* Begin PBXBuildFile section */
		0BD727F3142503E022773709 /* Pods_TVShows.framework in Frameworks */ = {isa = PBXBuildFile; fileRef = D63F983A33D40060CA6A6108 /* Pods_TVShows.framework */; };
		5C06D7422109DDEE00C9ADB6 /* TVShow.swift in Sources */ = {isa = PBXBuildFile; fileRef = 5C06D7412109DDEE00C9ADB6 /* TVShow.swift */; };
		5C0B32BA20FF22FF0046EBB1 /* Home.storyboard in Resources */ = {isa = PBXBuildFile; fileRef = 5C0B32B920FF22FF0046EBB1 /* Home.storyboard */; };
		5C0B32BC20FF23400046EBB1 /* HomeViewController.swift in Sources */ = {isa = PBXBuildFile; fileRef = 5C0B32BB20FF23400046EBB1 /* HomeViewController.swift */; };
		5C5E639B210A5B33007EFF02 /* IndexPathTableViewCell.swift in Sources */ = {isa = PBXBuildFile; fileRef = 5C5E639A210A5B33007EFF02 /* IndexPathTableViewCell.swift */; };
		5C7FEF1420F2501A00149936 /* Login.storyboard in Resources */ = {isa = PBXBuildFile; fileRef = 5C7FEF1320F2501A00149936 /* Login.storyboard */; };
		5C7FEF1620F2503500149936 /* LoginViewController.swift in Sources */ = {isa = PBXBuildFile; fileRef = 5C7FEF1520F2503500149936 /* LoginViewController.swift */; };
		5C9ADD2420EE6F2400F9680E /* AppDelegate.swift in Sources */ = {isa = PBXBuildFile; fileRef = 5C9ADD2320EE6F2400F9680E /* AppDelegate.swift */; };
		5C9ADD3920EE6F2500F9680E /* TVShowsTests.swift in Sources */ = {isa = PBXBuildFile; fileRef = 5C9ADD3820EE6F2500F9680E /* TVShowsTests.swift */; };
		5C9ADD4420EE6F2500F9680E /* TVShowsUITests.swift in Sources */ = {isa = PBXBuildFile; fileRef = 5C9ADD4320EE6F2500F9680E /* TVShowsUITests.swift */; };
		5CB803B821075D81002296AF /* User.swift in Sources */ = {isa = PBXBuildFile; fileRef = 5CB803B721075D81002296AF /* User.swift */; };
		5CD710FB210CE0B70075DB09 /* ShowDetailsViewController.swift in Sources */ = {isa = PBXBuildFile; fileRef = 5CD710FA210CE0B70075DB09 /* ShowDetailsViewController.swift */; };
		5CD710FF210E7A0E0075DB09 /* EpisodeTableViewCell.swift in Sources */ = {isa = PBXBuildFile; fileRef = 5CD710FE210E7A0E0075DB09 /* EpisodeTableViewCell.swift */; };
		5CD71101210EEFCE0075DB09 /* AddEpViewController.swift in Sources */ = {isa = PBXBuildFile; fileRef = 5CD71100210EEFCE0075DB09 /* AddEpViewController.swift */; };
		5CD71103210F15B60075DB09 /* Assets.xcassets in Resources */ = {isa = PBXBuildFile; fileRef = 5CD71102210F15B60075DB09 /* Assets.xcassets */; };
		5CFFD70121137EFB00CAB964 /* EpDetailsViewController.swift in Sources */ = {isa = PBXBuildFile; fileRef = 5CFFD70021137EFB00CAB964 /* EpDetailsViewController.swift */; };
		5CFFD70321139EBD00CAB964 /* CommentsViewController.swift in Sources */ = {isa = PBXBuildFile; fileRef = 5CFFD70221139EBD00CAB964 /* CommentsViewController.swift */; };
		5CFFD7052113AAAD00CAB964 /* CommentsTableViewCell.swift in Sources */ = {isa = PBXBuildFile; fileRef = 5CFFD7042113AAAD00CAB964 /* CommentsTableViewCell.swift */; };
		B4908BB37DDAE278C406E82B /* Pods_TVShowsUITests.framework in Frameworks */ = {isa = PBXBuildFile; fileRef = 34544F359DF99D2A3617A952 /* Pods_TVShowsUITests.framework */; };
		DD6664D37653BBAC7DE3F2F3 /* Pods_TVShowsTests.framework in Frameworks */ = {isa = PBXBuildFile; fileRef = D4C3175B00A99BCDED866CF0 /* Pods_TVShowsTests.framework */; };
/* End PBXBuildFile section */

/* Begin PBXContainerItemProxy section */
		5C9ADD3520EE6F2500F9680E /* PBXContainerItemProxy */ = {
			isa = PBXContainerItemProxy;
			containerPortal = 5C9ADD1820EE6F2300F9680E /* Project object */;
			proxyType = 1;
			remoteGlobalIDString = 5C9ADD1F20EE6F2300F9680E;
			remoteInfo = TVShows;
		};
		5C9ADD4020EE6F2500F9680E /* PBXContainerItemProxy */ = {
			isa = PBXContainerItemProxy;
			containerPortal = 5C9ADD1820EE6F2300F9680E /* Project object */;
			proxyType = 1;
			remoteGlobalIDString = 5C9ADD1F20EE6F2300F9680E;
			remoteInfo = TVShows;
		};
/* End PBXContainerItemProxy section */

/* Begin PBXFileReference section */
		22533CB6585C280CA02119C8 /* Pods-TVShowsTests.release.xcconfig */ = {isa = PBXFileReference; includeInIndex = 1; lastKnownFileType = text.xcconfig; name = "Pods-TVShowsTests.release.xcconfig"; path = "Pods/Target Support Files/Pods-TVShowsTests/Pods-TVShowsTests.release.xcconfig"; sourceTree = "<group>"; };
		28A8249D4A4CCE62B0F730E0 /* Pods-TVShowsTests.debug.xcconfig */ = {isa = PBXFileReference; includeInIndex = 1; lastKnownFileType = text.xcconfig; name = "Pods-TVShowsTests.debug.xcconfig"; path = "Pods/Target Support Files/Pods-TVShowsTests/Pods-TVShowsTests.debug.xcconfig"; sourceTree = "<group>"; };
		325DCCA734EA52A0B96DDC5E /* Pods-TVShowsUITests.release.xcconfig */ = {isa = PBXFileReference; includeInIndex = 1; lastKnownFileType = text.xcconfig; name = "Pods-TVShowsUITests.release.xcconfig"; path = "Pods/Target Support Files/Pods-TVShowsUITests/Pods-TVShowsUITests.release.xcconfig"; sourceTree = "<group>"; };
		34544F359DF99D2A3617A952 /* Pods_TVShowsUITests.framework */ = {isa = PBXFileReference; explicitFileType = wrapper.framework; includeInIndex = 0; path = Pods_TVShowsUITests.framework; sourceTree = BUILT_PRODUCTS_DIR; };
		5C06D7412109DDEE00C9ADB6 /* TVShow.swift */ = {isa = PBXFileReference; lastKnownFileType = sourcecode.swift; path = TVShow.swift; sourceTree = "<group>"; };
		5C0B32B920FF22FF0046EBB1 /* Home.storyboard */ = {isa = PBXFileReference; lastKnownFileType = file.storyboard; path = Home.storyboard; sourceTree = "<group>"; };
		5C0B32BB20FF23400046EBB1 /* HomeViewController.swift */ = {isa = PBXFileReference; lastKnownFileType = sourcecode.swift; path = HomeViewController.swift; sourceTree = "<group>"; };
		5C5E639A210A5B33007EFF02 /* IndexPathTableViewCell.swift */ = {isa = PBXFileReference; lastKnownFileType = sourcecode.swift; path = IndexPathTableViewCell.swift; sourceTree = "<group>"; };
		5C7FEF1320F2501A00149936 /* Login.storyboard */ = {isa = PBXFileReference; lastKnownFileType = file.storyboard; path = Login.storyboard; sourceTree = "<group>"; };
		5C7FEF1520F2503500149936 /* LoginViewController.swift */ = {isa = PBXFileReference; lastKnownFileType = sourcecode.swift; path = LoginViewController.swift; sourceTree = "<group>"; };
		5C9ADD2020EE6F2400F9680E /* TVShows.app */ = {isa = PBXFileReference; explicitFileType = wrapper.application; includeInIndex = 0; path = TVShows.app; sourceTree = BUILT_PRODUCTS_DIR; };
		5C9ADD2320EE6F2400F9680E /* AppDelegate.swift */ = {isa = PBXFileReference; lastKnownFileType = sourcecode.swift; path = AppDelegate.swift; sourceTree = "<group>"; };
		5C9ADD2F20EE6F2500F9680E /* Info.plist */ = {isa = PBXFileReference; lastKnownFileType = text.plist.xml; path = Info.plist; sourceTree = "<group>"; };
		5C9ADD3420EE6F2500F9680E /* TVShowsTests.xctest */ = {isa = PBXFileReference; explicitFileType = wrapper.cfbundle; includeInIndex = 0; path = TVShowsTests.xctest; sourceTree = BUILT_PRODUCTS_DIR; };
		5C9ADD3820EE6F2500F9680E /* TVShowsTests.swift */ = {isa = PBXFileReference; lastKnownFileType = sourcecode.swift; path = TVShowsTests.swift; sourceTree = "<group>"; };
		5C9ADD3A20EE6F2500F9680E /* Info.plist */ = {isa = PBXFileReference; lastKnownFileType = text.plist.xml; path = Info.plist; sourceTree = "<group>"; };
		5C9ADD3F20EE6F2500F9680E /* TVShowsUITests.xctest */ = {isa = PBXFileReference; explicitFileType = wrapper.cfbundle; includeInIndex = 0; path = TVShowsUITests.xctest; sourceTree = BUILT_PRODUCTS_DIR; };
		5C9ADD4320EE6F2500F9680E /* TVShowsUITests.swift */ = {isa = PBXFileReference; lastKnownFileType = sourcecode.swift; path = TVShowsUITests.swift; sourceTree = "<group>"; };
		5C9ADD4520EE6F2500F9680E /* Info.plist */ = {isa = PBXFileReference; lastKnownFileType = text.plist.xml; path = Info.plist; sourceTree = "<group>"; };
		5CB803B721075D81002296AF /* User.swift */ = {isa = PBXFileReference; lastKnownFileType = sourcecode.swift; path = User.swift; sourceTree = "<group>"; };
		5CD710FA210CE0B70075DB09 /* ShowDetailsViewController.swift */ = {isa = PBXFileReference; lastKnownFileType = sourcecode.swift; path = ShowDetailsViewController.swift; sourceTree = "<group>"; };
		5CD710FE210E7A0E0075DB09 /* EpisodeTableViewCell.swift */ = {isa = PBXFileReference; lastKnownFileType = sourcecode.swift; path = EpisodeTableViewCell.swift; sourceTree = "<group>"; };
		5CD71100210EEFCE0075DB09 /* AddEpViewController.swift */ = {isa = PBXFileReference; lastKnownFileType = sourcecode.swift; path = AddEpViewController.swift; sourceTree = "<group>"; };
		5CD71102210F15B60075DB09 /* Assets.xcassets */ = {isa = PBXFileReference; lastKnownFileType = folder.assetcatalog; path = Assets.xcassets; sourceTree = "<group>"; };
		5CFFD70021137EFB00CAB964 /* EpDetailsViewController.swift */ = {isa = PBXFileReference; lastKnownFileType = sourcecode.swift; path = EpDetailsViewController.swift; sourceTree = "<group>"; };
		5CFFD70221139EBD00CAB964 /* CommentsViewController.swift */ = {isa = PBXFileReference; lastKnownFileType = sourcecode.swift; path = CommentsViewController.swift; sourceTree = "<group>"; };
		5CFFD7042113AAAD00CAB964 /* CommentsTableViewCell.swift */ = {isa = PBXFileReference; lastKnownFileType = sourcecode.swift; path = CommentsTableViewCell.swift; sourceTree = "<group>"; };
		76B5AE3BDB6F81BCEAA01062 /* Pods-TVShowsUITests.debug.xcconfig */ = {isa = PBXFileReference; includeInIndex = 1; lastKnownFileType = text.xcconfig; name = "Pods-TVShowsUITests.debug.xcconfig"; path = "Pods/Target Support Files/Pods-TVShowsUITests/Pods-TVShowsUITests.debug.xcconfig"; sourceTree = "<group>"; };
		BB6E0B305D00571B55DA1FF6 /* Pods-TVShows.release.xcconfig */ = {isa = PBXFileReference; includeInIndex = 1; lastKnownFileType = text.xcconfig; name = "Pods-TVShows.release.xcconfig"; path = "Pods/Target Support Files/Pods-TVShows/Pods-TVShows.release.xcconfig"; sourceTree = "<group>"; };
		CF9FF55D3C5410021EF48F92 /* Pods-TVShows.debug.xcconfig */ = {isa = PBXFileReference; includeInIndex = 1; lastKnownFileType = text.xcconfig; name = "Pods-TVShows.debug.xcconfig"; path = "Pods/Target Support Files/Pods-TVShows/Pods-TVShows.debug.xcconfig"; sourceTree = "<group>"; };
		D4C3175B00A99BCDED866CF0 /* Pods_TVShowsTests.framework */ = {isa = PBXFileReference; explicitFileType = wrapper.framework; includeInIndex = 0; path = Pods_TVShowsTests.framework; sourceTree = BUILT_PRODUCTS_DIR; };
		D63F983A33D40060CA6A6108 /* Pods_TVShows.framework */ = {isa = PBXFileReference; explicitFileType = wrapper.framework; includeInIndex = 0; path = Pods_TVShows.framework; sourceTree = BUILT_PRODUCTS_DIR; };
/* End PBXFileReference section */

/* Begin PBXFrameworksBuildPhase section */
		5C9ADD1D20EE6F2300F9680E /* Frameworks */ = {
			isa = PBXFrameworksBuildPhase;
			buildActionMask = 2147483647;
			files = (
				0BD727F3142503E022773709 /* Pods_TVShows.framework in Frameworks */,
			);
			runOnlyForDeploymentPostprocessing = 0;
		};
		5C9ADD3120EE6F2500F9680E /* Frameworks */ = {
			isa = PBXFrameworksBuildPhase;
			buildActionMask = 2147483647;
			files = (
				DD6664D37653BBAC7DE3F2F3 /* Pods_TVShowsTests.framework in Frameworks */,
			);
			runOnlyForDeploymentPostprocessing = 0;
		};
		5C9ADD3C20EE6F2500F9680E /* Frameworks */ = {
			isa = PBXFrameworksBuildPhase;
			buildActionMask = 2147483647;
			files = (
				B4908BB37DDAE278C406E82B /* Pods_TVShowsUITests.framework in Frameworks */,
			);
			runOnlyForDeploymentPostprocessing = 0;
		};
/* End PBXFrameworksBuildPhase section */

/* Begin PBXGroup section */
		25FB7685E8B3090EBD21C105 /* Frameworks */ = {
			isa = PBXGroup;
			children = (
				D63F983A33D40060CA6A6108 /* Pods_TVShows.framework */,
				D4C3175B00A99BCDED866CF0 /* Pods_TVShowsTests.framework */,
				34544F359DF99D2A3617A952 /* Pods_TVShowsUITests.framework */,
			);
			name = Frameworks;
			sourceTree = "<group>";
		};
		5C7FEF1220F24FF500149936 /* Login */ = {
			isa = PBXGroup;
			children = (
				5C7FEF1320F2501A00149936 /* Login.storyboard */,
				5C7FEF1520F2503500149936 /* LoginViewController.swift */,
				5CB803B721075D81002296AF /* User.swift */,
			);
			path = Login;
			sourceTree = "<group>";
		};
		5C9ADD1720EE6F2300F9680E = {
			isa = PBXGroup;
			children = (
				5C9ADD2220EE6F2400F9680E /* TVShows */,
				5C9ADD3720EE6F2500F9680E /* TVShowsTests */,
				5C9ADD4220EE6F2500F9680E /* TVShowsUITests */,
				5C9ADD2120EE6F2400F9680E /* Products */,
				B6B973D77056CC4BFA16C55F /* Pods */,
				25FB7685E8B3090EBD21C105 /* Frameworks */,
			);
			sourceTree = "<group>";
		};
		5C9ADD2120EE6F2400F9680E /* Products */ = {
			isa = PBXGroup;
			children = (
				5C9ADD2020EE6F2400F9680E /* TVShows.app */,
				5C9ADD3420EE6F2500F9680E /* TVShowsTests.xctest */,
				5C9ADD3F20EE6F2500F9680E /* TVShowsUITests.xctest */,
			);
			name = Products;
			sourceTree = "<group>";
		};
		5C9ADD2220EE6F2400F9680E /* TVShows */ = {
			isa = PBXGroup;
			children = (
				5C7FEF1220F24FF500149936 /* Login */,
				5C0B32B920FF22FF0046EBB1 /* Home.storyboard */,
				5C0B32BB20FF23400046EBB1 /* HomeViewController.swift */,
				5CD710FA210CE0B70075DB09 /* ShowDetailsViewController.swift */,
				5CD71100210EEFCE0075DB09 /* AddEpViewController.swift */,
				5CFFD70021137EFB00CAB964 /* EpDetailsViewController.swift */,
				5CFFD70221139EBD00CAB964 /* CommentsViewController.swift */,
				5C5E639A210A5B33007EFF02 /* IndexPathTableViewCell.swift */,
				5CD710FE210E7A0E0075DB09 /* EpisodeTableViewCell.swift */,
				5CFFD7042113AAAD00CAB964 /* CommentsTableViewCell.swift */,
				5C06D7412109DDEE00C9ADB6 /* TVShow.swift */,
				5C9ADD2320EE6F2400F9680E /* AppDelegate.swift */,
				5C9ADD2F20EE6F2500F9680E /* Info.plist */,
				5CD71102210F15B60075DB09 /* Assets.xcassets */,
			);
			path = TVShows;
			sourceTree = "<group>";
		};
		5C9ADD3720EE6F2500F9680E /* TVShowsTests */ = {
			isa = PBXGroup;
			children = (
				5C9ADD3820EE6F2500F9680E /* TVShowsTests.swift */,
				5C9ADD3A20EE6F2500F9680E /* Info.plist */,
			);
			path = TVShowsTests;
			sourceTree = "<group>";
		};
		5C9ADD4220EE6F2500F9680E /* TVShowsUITests */ = {
			isa = PBXGroup;
			children = (
				5C9ADD4320EE6F2500F9680E /* TVShowsUITests.swift */,
				5C9ADD4520EE6F2500F9680E /* Info.plist */,
			);
			path = TVShowsUITests;
			sourceTree = "<group>";
		};
		B6B973D77056CC4BFA16C55F /* Pods */ = {
			isa = PBXGroup;
			children = (
				CF9FF55D3C5410021EF48F92 /* Pods-TVShows.debug.xcconfig */,
				BB6E0B305D00571B55DA1FF6 /* Pods-TVShows.release.xcconfig */,
				28A8249D4A4CCE62B0F730E0 /* Pods-TVShowsTests.debug.xcconfig */,
				22533CB6585C280CA02119C8 /* Pods-TVShowsTests.release.xcconfig */,
				76B5AE3BDB6F81BCEAA01062 /* Pods-TVShowsUITests.debug.xcconfig */,
				325DCCA734EA52A0B96DDC5E /* Pods-TVShowsUITests.release.xcconfig */,
			);
			name = Pods;
			sourceTree = "<group>";
		};
/* End PBXGroup section */

/* Begin PBXNativeTarget section */
		5C9ADD1F20EE6F2300F9680E /* TVShows */ = {
			isa = PBXNativeTarget;
			buildConfigurationList = 5C9ADD4820EE6F2500F9680E /* Build configuration list for PBXNativeTarget "TVShows" */;
			buildPhases = (
				16A28FA90785302971B4DD13 /* [CP] Check Pods Manifest.lock */,
				5C9ADD1C20EE6F2300F9680E /* Sources */,
				5C9ADD1D20EE6F2300F9680E /* Frameworks */,
				5C9ADD1E20EE6F2300F9680E /* Resources */,
				36F270A80FE859AC1E37C6DE /* [CP] Embed Pods Frameworks */,
			);
			buildRules = (
			);
			dependencies = (
			);
			name = TVShows;
			productName = TVShows;
			productReference = 5C9ADD2020EE6F2400F9680E /* TVShows.app */;
			productType = "com.apple.product-type.application";
		};
		5C9ADD3320EE6F2500F9680E /* TVShowsTests */ = {
			isa = PBXNativeTarget;
			buildConfigurationList = 5C9ADD4B20EE6F2500F9680E /* Build configuration list for PBXNativeTarget "TVShowsTests" */;
			buildPhases = (
				C12888CA377E192106CF0FD6 /* [CP] Check Pods Manifest.lock */,
				5C9ADD3020EE6F2500F9680E /* Sources */,
				5C9ADD3120EE6F2500F9680E /* Frameworks */,
				5C9ADD3220EE6F2500F9680E /* Resources */,
			);
			buildRules = (
			);
			dependencies = (
				5C9ADD3620EE6F2500F9680E /* PBXTargetDependency */,
			);
			name = TVShowsTests;
			productName = TVShowsTests;
			productReference = 5C9ADD3420EE6F2500F9680E /* TVShowsTests.xctest */;
			productType = "com.apple.product-type.bundle.unit-test";
		};
		5C9ADD3E20EE6F2500F9680E /* TVShowsUITests */ = {
			isa = PBXNativeTarget;
			buildConfigurationList = 5C9ADD4E20EE6F2500F9680E /* Build configuration list for PBXNativeTarget "TVShowsUITests" */;
			buildPhases = (
				2BCF38D2BCD223B82F5CB3B1 /* [CP] Check Pods Manifest.lock */,
				5C9ADD3B20EE6F2500F9680E /* Sources */,
				5C9ADD3C20EE6F2500F9680E /* Frameworks */,
				5C9ADD3D20EE6F2500F9680E /* Resources */,
			);
			buildRules = (
			);
			dependencies = (
				5C9ADD4120EE6F2500F9680E /* PBXTargetDependency */,
			);
			name = TVShowsUITests;
			productName = TVShowsUITests;
			productReference = 5C9ADD3F20EE6F2500F9680E /* TVShowsUITests.xctest */;
			productType = "com.apple.product-type.bundle.ui-testing";
		};
/* End PBXNativeTarget section */

/* Begin PBXProject section */
		5C9ADD1820EE6F2300F9680E /* Project object */ = {
			isa = PBXProject;
			attributes = {
				LastSwiftUpdateCheck = 0940;
				LastUpgradeCheck = 0940;
				ORGANIZATIONNAME = "Dunja Acimovic";
				TargetAttributes = {
					5C9ADD1F20EE6F2300F9680E = {
						CreatedOnToolsVersion = 9.4.1;
					};
					5C9ADD3320EE6F2500F9680E = {
						CreatedOnToolsVersion = 9.4.1;
						TestTargetID = 5C9ADD1F20EE6F2300F9680E;
					};
					5C9ADD3E20EE6F2500F9680E = {
						CreatedOnToolsVersion = 9.4.1;
						TestTargetID = 5C9ADD1F20EE6F2300F9680E;
					};
				};
			};
			buildConfigurationList = 5C9ADD1B20EE6F2300F9680E /* Build configuration list for PBXProject "TVShows" */;
			compatibilityVersion = "Xcode 9.3";
			developmentRegion = en;
			hasScannedForEncodings = 0;
			knownRegions = (
				en,
				Base,
			);
			mainGroup = 5C9ADD1720EE6F2300F9680E;
			productRefGroup = 5C9ADD2120EE6F2400F9680E /* Products */;
			projectDirPath = "";
			projectRoot = "";
			targets = (
				5C9ADD1F20EE6F2300F9680E /* TVShows */,
				5C9ADD3320EE6F2500F9680E /* TVShowsTests */,
				5C9ADD3E20EE6F2500F9680E /* TVShowsUITests */,
			);
		};
/* End PBXProject section */

/* Begin PBXResourcesBuildPhase section */
		5C9ADD1E20EE6F2300F9680E /* Resources */ = {
			isa = PBXResourcesBuildPhase;
			buildActionMask = 2147483647;
			files = (
				5C7FEF1420F2501A00149936 /* Login.storyboard in Resources */,
				5CD71103210F15B60075DB09 /* Assets.xcassets in Resources */,
				5C0B32BA20FF22FF0046EBB1 /* Home.storyboard in Resources */,
			);
			runOnlyForDeploymentPostprocessing = 0;
		};
		5C9ADD3220EE6F2500F9680E /* Resources */ = {
			isa = PBXResourcesBuildPhase;
			buildActionMask = 2147483647;
			files = (
			);
			runOnlyForDeploymentPostprocessing = 0;
		};
		5C9ADD3D20EE6F2500F9680E /* Resources */ = {
			isa = PBXResourcesBuildPhase;
			buildActionMask = 2147483647;
			files = (
			);
			runOnlyForDeploymentPostprocessing = 0;
		};
/* End PBXResourcesBuildPhase section */

/* Begin PBXShellScriptBuildPhase section */
		16A28FA90785302971B4DD13 /* [CP] Check Pods Manifest.lock */ = {
			isa = PBXShellScriptBuildPhase;
			buildActionMask = 2147483647;
			files = (
			);
			inputPaths = (
				"${PODS_PODFILE_DIR_PATH}/Podfile.lock",
				"${PODS_ROOT}/Manifest.lock",
			);
			name = "[CP] Check Pods Manifest.lock";
			outputPaths = (
				"$(DERIVED_FILE_DIR)/Pods-TVShows-checkManifestLockResult.txt",
			);
			runOnlyForDeploymentPostprocessing = 0;
			shellPath = /bin/sh;
			shellScript = "diff \"${PODS_PODFILE_DIR_PATH}/Podfile.lock\" \"${PODS_ROOT}/Manifest.lock\" > /dev/null\nif [ $? != 0 ] ; then\n    # print error to STDERR\n    echo \"error: The sandbox is not in sync with the Podfile.lock. Run 'pod install' or update your CocoaPods installation.\" >&2\n    exit 1\nfi\n# This output is used by Xcode 'outputs' to avoid re-running this script phase.\necho \"SUCCESS\" > \"${SCRIPT_OUTPUT_FILE_0}\"\n";
			showEnvVarsInLog = 0;
		};
		2BCF38D2BCD223B82F5CB3B1 /* [CP] Check Pods Manifest.lock */ = {
			isa = PBXShellScriptBuildPhase;
			buildActionMask = 2147483647;
			files = (
			);
			inputPaths = (
				"${PODS_PODFILE_DIR_PATH}/Podfile.lock",
				"${PODS_ROOT}/Manifest.lock",
			);
			name = "[CP] Check Pods Manifest.lock";
			outputPaths = (
				"$(DERIVED_FILE_DIR)/Pods-TVShowsUITests-checkManifestLockResult.txt",
			);
			runOnlyForDeploymentPostprocessing = 0;
			shellPath = /bin/sh;
			shellScript = "diff \"${PODS_PODFILE_DIR_PATH}/Podfile.lock\" \"${PODS_ROOT}/Manifest.lock\" > /dev/null\nif [ $? != 0 ] ; then\n    # print error to STDERR\n    echo \"error: The sandbox is not in sync with the Podfile.lock. Run 'pod install' or update your CocoaPods installation.\" >&2\n    exit 1\nfi\n# This output is used by Xcode 'outputs' to avoid re-running this script phase.\necho \"SUCCESS\" > \"${SCRIPT_OUTPUT_FILE_0}\"\n";
			showEnvVarsInLog = 0;
		};
		36F270A80FE859AC1E37C6DE /* [CP] Embed Pods Frameworks */ = {
			isa = PBXShellScriptBuildPhase;
			buildActionMask = 2147483647;
			files = (
			);
			inputPaths = (
				"${SRCROOT}/Pods/Target Support Files/Pods-TVShows/Pods-TVShows-frameworks.sh",
				"${BUILT_PRODUCTS_DIR}/Alamofire/Alamofire.framework",
				"${BUILT_PRODUCTS_DIR}/CodableAlamofire/CodableAlamofire.framework",
				"${BUILT_PRODUCTS_DIR}/Kingfisher/Kingfisher.framework",
				"${BUILT_PRODUCTS_DIR}/SVProgressHUD/SVProgressHUD.framework",
			);
			name = "[CP] Embed Pods Frameworks";
			outputPaths = (
				"${TARGET_BUILD_DIR}/${FRAMEWORKS_FOLDER_PATH}/Alamofire.framework",
				"${TARGET_BUILD_DIR}/${FRAMEWORKS_FOLDER_PATH}/CodableAlamofire.framework",
				"${TARGET_BUILD_DIR}/${FRAMEWORKS_FOLDER_PATH}/Kingfisher.framework",
				"${TARGET_BUILD_DIR}/${FRAMEWORKS_FOLDER_PATH}/SVProgressHUD.framework",
			);
			runOnlyForDeploymentPostprocessing = 0;
			shellPath = /bin/sh;
			shellScript = "\"${SRCROOT}/Pods/Target Support Files/Pods-TVShows/Pods-TVShows-frameworks.sh\"\n";
			showEnvVarsInLog = 0;
		};
		C12888CA377E192106CF0FD6 /* [CP] Check Pods Manifest.lock */ = {
			isa = PBXShellScriptBuildPhase;
			buildActionMask = 2147483647;
			files = (
			);
			inputPaths = (
				"${PODS_PODFILE_DIR_PATH}/Podfile.lock",
				"${PODS_ROOT}/Manifest.lock",
			);
			name = "[CP] Check Pods Manifest.lock";
			outputPaths = (
				"$(DERIVED_FILE_DIR)/Pods-TVShowsTests-checkManifestLockResult.txt",
			);
			runOnlyForDeploymentPostprocessing = 0;
			shellPath = /bin/sh;
			shellScript = "diff \"${PODS_PODFILE_DIR_PATH}/Podfile.lock\" \"${PODS_ROOT}/Manifest.lock\" > /dev/null\nif [ $? != 0 ] ; then\n    # print error to STDERR\n    echo \"error: The sandbox is not in sync with the Podfile.lock. Run 'pod install' or update your CocoaPods installation.\" >&2\n    exit 1\nfi\n# This output is used by Xcode 'outputs' to avoid re-running this script phase.\necho \"SUCCESS\" > \"${SCRIPT_OUTPUT_FILE_0}\"\n";
			showEnvVarsInLog = 0;
		};
/* End PBXShellScriptBuildPhase section */

/* Begin PBXSourcesBuildPhase section */
		5C9ADD1C20EE6F2300F9680E /* Sources */ = {
			isa = PBXSourcesBuildPhase;
			buildActionMask = 2147483647;
			files = (
				5CB803B821075D81002296AF /* User.swift in Sources */,
				5CD710FF210E7A0E0075DB09 /* EpisodeTableViewCell.swift in Sources */,
				5CFFD70321139EBD00CAB964 /* CommentsViewController.swift in Sources */,
				5C5E639B210A5B33007EFF02 /* IndexPathTableViewCell.swift in Sources */,
				5C7FEF1620F2503500149936 /* LoginViewController.swift in Sources */,
				5C06D7422109DDEE00C9ADB6 /* TVShow.swift in Sources */,
				5C9ADD2420EE6F2400F9680E /* AppDelegate.swift in Sources */,
				5CFFD7052113AAAD00CAB964 /* CommentsTableViewCell.swift in Sources */,
				5CFFD70121137EFB00CAB964 /* EpDetailsViewController.swift in Sources */,
				5CD71101210EEFCE0075DB09 /* AddEpViewController.swift in Sources */,
				5CD710FB210CE0B70075DB09 /* ShowDetailsViewController.swift in Sources */,
				5C0B32BC20FF23400046EBB1 /* HomeViewController.swift in Sources */,
			);
			runOnlyForDeploymentPostprocessing = 0;
		};
		5C9ADD3020EE6F2500F9680E /* Sources */ = {
			isa = PBXSourcesBuildPhase;
			buildActionMask = 2147483647;
			files = (
				5C9ADD3920EE6F2500F9680E /* TVShowsTests.swift in Sources */,
			);
			runOnlyForDeploymentPostprocessing = 0;
		};
		5C9ADD3B20EE6F2500F9680E /* Sources */ = {
			isa = PBXSourcesBuildPhase;
			buildActionMask = 2147483647;
			files = (
				5C9ADD4420EE6F2500F9680E /* TVShowsUITests.swift in Sources */,
			);
			runOnlyForDeploymentPostprocessing = 0;
		};
/* End PBXSourcesBuildPhase section */

/* Begin PBXTargetDependency section */
		5C9ADD3620EE6F2500F9680E /* PBXTargetDependency */ = {
			isa = PBXTargetDependency;
			target = 5C9ADD1F20EE6F2300F9680E /* TVShows */;
			targetProxy = 5C9ADD3520EE6F2500F9680E /* PBXContainerItemProxy */;
		};
		5C9ADD4120EE6F2500F9680E /* PBXTargetDependency */ = {
			isa = PBXTargetDependency;
			target = 5C9ADD1F20EE6F2300F9680E /* TVShows */;
			targetProxy = 5C9ADD4020EE6F2500F9680E /* PBXContainerItemProxy */;
		};
/* End PBXTargetDependency section */

/* Begin XCBuildConfiguration section */
		5C9ADD4620EE6F2500F9680E /* Debug */ = {
			isa = XCBuildConfiguration;
			buildSettings = {
				ALWAYS_SEARCH_USER_PATHS = NO;
				CLANG_ANALYZER_NONNULL = YES;
				CLANG_ANALYZER_NUMBER_OBJECT_CONVERSION = YES_AGGRESSIVE;
				CLANG_CXX_LANGUAGE_STANDARD = "gnu++14";
				CLANG_CXX_LIBRARY = "libc++";
				CLANG_ENABLE_MODULES = YES;
				CLANG_ENABLE_OBJC_ARC = YES;
				CLANG_ENABLE_OBJC_WEAK = YES;
				CLANG_WARN_BLOCK_CAPTURE_AUTORELEASING = YES;
				CLANG_WARN_BOOL_CONVERSION = YES;
				CLANG_WARN_COMMA = YES;
				CLANG_WARN_CONSTANT_CONVERSION = YES;
				CLANG_WARN_DEPRECATED_OBJC_IMPLEMENTATIONS = YES;
				CLANG_WARN_DIRECT_OBJC_ISA_USAGE = YES_ERROR;
				CLANG_WARN_DOCUMENTATION_COMMENTS = YES;
				CLANG_WARN_EMPTY_BODY = YES;
				CLANG_WARN_ENUM_CONVERSION = YES;
				CLANG_WARN_INFINITE_RECURSION = YES;
				CLANG_WARN_INT_CONVERSION = YES;
				CLANG_WARN_NON_LITERAL_NULL_CONVERSION = YES;
				CLANG_WARN_OBJC_IMPLICIT_RETAIN_SELF = YES;
				CLANG_WARN_OBJC_LITERAL_CONVERSION = YES;
				CLANG_WARN_OBJC_ROOT_CLASS = YES_ERROR;
				CLANG_WARN_RANGE_LOOP_ANALYSIS = YES;
				CLANG_WARN_STRICT_PROTOTYPES = YES;
				CLANG_WARN_SUSPICIOUS_MOVE = YES;
				CLANG_WARN_UNGUARDED_AVAILABILITY = YES_AGGRESSIVE;
				CLANG_WARN_UNREACHABLE_CODE = YES;
				CLANG_WARN__DUPLICATE_METHOD_MATCH = YES;
				CODE_SIGN_IDENTITY = "iPhone Developer";
				COPY_PHASE_STRIP = NO;
				DEBUG_INFORMATION_FORMAT = dwarf;
				ENABLE_STRICT_OBJC_MSGSEND = YES;
				ENABLE_TESTABILITY = YES;
				GCC_C_LANGUAGE_STANDARD = gnu11;
				GCC_DYNAMIC_NO_PIC = NO;
				GCC_NO_COMMON_BLOCKS = YES;
				GCC_OPTIMIZATION_LEVEL = 0;
				GCC_PREPROCESSOR_DEFINITIONS = (
					"DEBUG=1",
					"$(inherited)",
				);
				GCC_WARN_64_TO_32_BIT_CONVERSION = YES;
				GCC_WARN_ABOUT_RETURN_TYPE = YES_ERROR;
				GCC_WARN_UNDECLARED_SELECTOR = YES;
				GCC_WARN_UNINITIALIZED_AUTOS = YES_AGGRESSIVE;
				GCC_WARN_UNUSED_FUNCTION = YES;
				GCC_WARN_UNUSED_VARIABLE = YES;
				IPHONEOS_DEPLOYMENT_TARGET = 11.4;
				MTL_ENABLE_DEBUG_INFO = YES;
				ONLY_ACTIVE_ARCH = YES;
				SDKROOT = iphoneos;
				SWIFT_ACTIVE_COMPILATION_CONDITIONS = DEBUG;
				SWIFT_OPTIMIZATION_LEVEL = "-Onone";
			};
			name = Debug;
		};
		5C9ADD4720EE6F2500F9680E /* Release */ = {
			isa = XCBuildConfiguration;
			buildSettings = {
				ALWAYS_SEARCH_USER_PATHS = NO;
				CLANG_ANALYZER_NONNULL = YES;
				CLANG_ANALYZER_NUMBER_OBJECT_CONVERSION = YES_AGGRESSIVE;
				CLANG_CXX_LANGUAGE_STANDARD = "gnu++14";
				CLANG_CXX_LIBRARY = "libc++";
				CLANG_ENABLE_MODULES = YES;
				CLANG_ENABLE_OBJC_ARC = YES;
				CLANG_ENABLE_OBJC_WEAK = YES;
				CLANG_WARN_BLOCK_CAPTURE_AUTORELEASING = YES;
				CLANG_WARN_BOOL_CONVERSION = YES;
				CLANG_WARN_COMMA = YES;
				CLANG_WARN_CONSTANT_CONVERSION = YES;
				CLANG_WARN_DEPRECATED_OBJC_IMPLEMENTATIONS = YES;
				CLANG_WARN_DIRECT_OBJC_ISA_USAGE = YES_ERROR;
				CLANG_WARN_DOCUMENTATION_COMMENTS = YES;
				CLANG_WARN_EMPTY_BODY = YES;
				CLANG_WARN_ENUM_CONVERSION = YES;
				CLANG_WARN_INFINITE_RECURSION = YES;
				CLANG_WARN_INT_CONVERSION = YES;
				CLANG_WARN_NON_LITERAL_NULL_CONVERSION = YES;
				CLANG_WARN_OBJC_IMPLICIT_RETAIN_SELF = YES;
				CLANG_WARN_OBJC_LITERAL_CONVERSION = YES;
				CLANG_WARN_OBJC_ROOT_CLASS = YES_ERROR;
				CLANG_WARN_RANGE_LOOP_ANALYSIS = YES;
				CLANG_WARN_STRICT_PROTOTYPES = YES;
				CLANG_WARN_SUSPICIOUS_MOVE = YES;
				CLANG_WARN_UNGUARDED_AVAILABILITY = YES_AGGRESSIVE;
				CLANG_WARN_UNREACHABLE_CODE = YES;
				CLANG_WARN__DUPLICATE_METHOD_MATCH = YES;
				CODE_SIGN_IDENTITY = "iPhone Developer";
				COPY_PHASE_STRIP = NO;
				DEBUG_INFORMATION_FORMAT = "dwarf-with-dsym";
				ENABLE_NS_ASSERTIONS = NO;
				ENABLE_STRICT_OBJC_MSGSEND = YES;
				GCC_C_LANGUAGE_STANDARD = gnu11;
				GCC_NO_COMMON_BLOCKS = YES;
				GCC_WARN_64_TO_32_BIT_CONVERSION = YES;
				GCC_WARN_ABOUT_RETURN_TYPE = YES_ERROR;
				GCC_WARN_UNDECLARED_SELECTOR = YES;
				GCC_WARN_UNINITIALIZED_AUTOS = YES_AGGRESSIVE;
				GCC_WARN_UNUSED_FUNCTION = YES;
				GCC_WARN_UNUSED_VARIABLE = YES;
				IPHONEOS_DEPLOYMENT_TARGET = 11.4;
				MTL_ENABLE_DEBUG_INFO = NO;
				SDKROOT = iphoneos;
				SWIFT_COMPILATION_MODE = wholemodule;
				SWIFT_OPTIMIZATION_LEVEL = "-O";
				VALIDATE_PRODUCT = YES;
			};
			name = Release;
		};
		5C9ADD4920EE6F2500F9680E /* Debug */ = {
			isa = XCBuildConfiguration;
			baseConfigurationReference = CF9FF55D3C5410021EF48F92 /* Pods-TVShows.debug.xcconfig */;
			buildSettings = {
				ASSETCATALOG_COMPILER_APPICON_NAME = AppIcon;
				CODE_SIGN_STYLE = Automatic;
				INFOPLIST_FILE = TVShows/Info.plist;
				LD_RUNPATH_SEARCH_PATHS = (
					"$(inherited)",
					"@executable_path/Frameworks",
				);
				PRODUCT_BUNDLE_IDENTIFIER = co.dunjaacimovic.TVShows;
				PRODUCT_NAME = "$(TARGET_NAME)";
				SWIFT_VERSION = 4.0;
				TARGETED_DEVICE_FAMILY = "1,2";
			};
			name = Debug;
		};
		5C9ADD4A20EE6F2500F9680E /* Release */ = {
			isa = XCBuildConfiguration;
			baseConfigurationReference = BB6E0B305D00571B55DA1FF6 /* Pods-TVShows.release.xcconfig */;
			buildSettings = {
				ASSETCATALOG_COMPILER_APPICON_NAME = AppIcon;
				CODE_SIGN_STYLE = Automatic;
				INFOPLIST_FILE = TVShows/Info.plist;
				LD_RUNPATH_SEARCH_PATHS = (
					"$(inherited)",
					"@executable_path/Frameworks",
				);
				PRODUCT_BUNDLE_IDENTIFIER = co.dunjaacimovic.TVShows;
				PRODUCT_NAME = "$(TARGET_NAME)";
				SWIFT_VERSION = 4.0;
				TARGETED_DEVICE_FAMILY = "1,2";
			};
			name = Release;
		};
		5C9ADD4C20EE6F2500F9680E /* Debug */ = {
			isa = XCBuildConfiguration;
			baseConfigurationReference = 28A8249D4A4CCE62B0F730E0 /* Pods-TVShowsTests.debug.xcconfig */;
			buildSettings = {
				ALWAYS_EMBED_SWIFT_STANDARD_LIBRARIES = YES;
				BUNDLE_LOADER = "$(TEST_HOST)";
				CODE_SIGN_STYLE = Automatic;
				INFOPLIST_FILE = TVShowsTests/Info.plist;
				LD_RUNPATH_SEARCH_PATHS = (
					"$(inherited)",
					"@executable_path/Frameworks",
					"@loader_path/Frameworks",
				);
				PRODUCT_BUNDLE_IDENTIFIER = co.dunjaacimovic.TVShowsTests;
				PRODUCT_NAME = "$(TARGET_NAME)";
				SWIFT_VERSION = 4.0;
				TARGETED_DEVICE_FAMILY = "1,2";
				TEST_HOST = "$(BUILT_PRODUCTS_DIR)/TVShows.app/TVShows";
			};
			name = Debug;
		};
		5C9ADD4D20EE6F2500F9680E /* Release */ = {
			isa = XCBuildConfiguration;
			baseConfigurationReference = 22533CB6585C280CA02119C8 /* Pods-TVShowsTests.release.xcconfig */;
			buildSettings = {
				ALWAYS_EMBED_SWIFT_STANDARD_LIBRARIES = YES;
				BUNDLE_LOADER = "$(TEST_HOST)";
				CODE_SIGN_STYLE = Automatic;
				INFOPLIST_FILE = TVShowsTests/Info.plist;
				LD_RUNPATH_SEARCH_PATHS = (
					"$(inherited)",
					"@executable_path/Frameworks",
					"@loader_path/Frameworks",
				);
				PRODUCT_BUNDLE_IDENTIFIER = co.dunjaacimovic.TVShowsTests;
				PRODUCT_NAME = "$(TARGET_NAME)";
				SWIFT_VERSION = 4.0;
				TARGETED_DEVICE_FAMILY = "1,2";
				TEST_HOST = "$(BUILT_PRODUCTS_DIR)/TVShows.app/TVShows";
			};
			name = Release;
		};
		5C9ADD4F20EE6F2500F9680E /* Debug */ = {
			isa = XCBuildConfiguration;
			baseConfigurationReference = 76B5AE3BDB6F81BCEAA01062 /* Pods-TVShowsUITests.debug.xcconfig */;
			buildSettings = {
				ALWAYS_EMBED_SWIFT_STANDARD_LIBRARIES = YES;
				CODE_SIGN_STYLE = Automatic;
				INFOPLIST_FILE = TVShowsUITests/Info.plist;
				LD_RUNPATH_SEARCH_PATHS = (
					"$(inherited)",
					"@executable_path/Frameworks",
					"@loader_path/Frameworks",
				);
				PRODUCT_BUNDLE_IDENTIFIER = co.dunjaacimovic.TVShowsUITests;
				PRODUCT_NAME = "$(TARGET_NAME)";
				SWIFT_VERSION = 4.0;
				TARGETED_DEVICE_FAMILY = "1,2";
				TEST_TARGET_NAME = TVShows;
			};
			name = Debug;
		};
		5C9ADD5020EE6F2500F9680E /* Release */ = {
			isa = XCBuildConfiguration;
			baseConfigurationReference = 325DCCA734EA52A0B96DDC5E /* Pods-TVShowsUITests.release.xcconfig */;
			buildSettings = {
				ALWAYS_EMBED_SWIFT_STANDARD_LIBRARIES = YES;
				CODE_SIGN_STYLE = Automatic;
				INFOPLIST_FILE = TVShowsUITests/Info.plist;
				LD_RUNPATH_SEARCH_PATHS = (
					"$(inherited)",
					"@executable_path/Frameworks",
					"@loader_path/Frameworks",
				);
				PRODUCT_BUNDLE_IDENTIFIER = co.dunjaacimovic.TVShowsUITests;
				PRODUCT_NAME = "$(TARGET_NAME)";
				SWIFT_VERSION = 4.0;
				TARGETED_DEVICE_FAMILY = "1,2";
				TEST_TARGET_NAME = TVShows;
			};
			name = Release;
		};
/* End XCBuildConfiguration section */

/* Begin XCConfigurationList section */
		5C9ADD1B20EE6F2300F9680E /* Build configuration list for PBXProject "TVShows" */ = {
			isa = XCConfigurationList;
			buildConfigurations = (
				5C9ADD4620EE6F2500F9680E /* Debug */,
				5C9ADD4720EE6F2500F9680E /* Release */,
			);
			defaultConfigurationIsVisible = 0;
			defaultConfigurationName = Release;
		};
		5C9ADD4820EE6F2500F9680E /* Build configuration list for PBXNativeTarget "TVShows" */ = {
			isa = XCConfigurationList;
			buildConfigurations = (
				5C9ADD4920EE6F2500F9680E /* Debug */,
				5C9ADD4A20EE6F2500F9680E /* Release */,
			);
			defaultConfigurationIsVisible = 0;
			defaultConfigurationName = Release;
		};
		5C9ADD4B20EE6F2500F9680E /* Build configuration list for PBXNativeTarget "TVShowsTests" */ = {
			isa = XCConfigurationList;
			buildConfigurations = (
				5C9ADD4C20EE6F2500F9680E /* Debug */,
				5C9ADD4D20EE6F2500F9680E /* Release */,
			);
			defaultConfigurationIsVisible = 0;
			defaultConfigurationName = Release;
		};
		5C9ADD4E20EE6F2500F9680E /* Build configuration list for PBXNativeTarget "TVShowsUITests" */ = {
			isa = XCConfigurationList;
			buildConfigurations = (
				5C9ADD4F20EE6F2500F9680E /* Debug */,
				5C9ADD5020EE6F2500F9680E /* Release */,
			);
			defaultConfigurationIsVisible = 0;
			defaultConfigurationName = Release;
		};
/* End XCConfigurationList section */
	};
	rootObject = 5C9ADD1820EE6F2300F9680E /* Project object */;
}
